// !$*UTF8*$!
{
	archiveVersion = 1;
	classes = {
	};
	objectVersion = 56;
	objects = {

/* Begin PBXBuildFile section */
		29227BD02ABD9AC700383C31 /* PlayerView.swift in Sources */ = {isa = PBXBuildFile; fileRef = 29227BCF2ABD9AC700383C31 /* PlayerView.swift */; };
		292CA2BC2AE7C0DB003A9AE0 /* TracksListView.swift in Sources */ = {isa = PBXBuildFile; fileRef = 292CA2BB2AE7C0DB003A9AE0 /* TracksListView.swift */; };
		292CA2BE2AE7C861003A9AE0 /* EqualizerAnimationView.swift in Sources */ = {isa = PBXBuildFile; fileRef = 292CA2BD2AE7C861003A9AE0 /* EqualizerAnimationView.swift */; };
		292CA2C02AE8151F003A9AE0 /* TrackListCell.swift in Sources */ = {isa = PBXBuildFile; fileRef = 292CA2BF2AE8151F003A9AE0 /* TrackListCell.swift */; };
		293703532AE2722B008D8729 /* TrackModel.swift in Sources */ = {isa = PBXBuildFile; fileRef = 293703522AE2722B008D8729 /* TrackModel.swift */; };
		2963634D2ABD667000B64376 /* ModalPlayerApp.swift in Sources */ = {isa = PBXBuildFile; fileRef = 2963634C2ABD667000B64376 /* ModalPlayerApp.swift */; };
		2963634F2ABD667000B64376 /* ContentView.swift in Sources */ = {isa = PBXBuildFile; fileRef = 2963634E2ABD667000B64376 /* ContentView.swift */; };
		296363512ABD667100B64376 /* Assets.xcassets in Resources */ = {isa = PBXBuildFile; fileRef = 296363502ABD667100B64376 /* Assets.xcassets */; };
		296363552ABD667100B64376 /* Preview Assets.xcassets in Resources */ = {isa = PBXBuildFile; fileRef = 296363542ABD667100B64376 /* Preview Assets.xcassets */; };
		2963635D2ABD66E300B64376 /* PlayerButton.swift in Sources */ = {isa = PBXBuildFile; fileRef = 2963635C2ABD66E300B64376 /* PlayerButton.swift */; };
		296A49A32AC6262300FF8017 /* PlayerService.swift in Sources */ = {isa = PBXBuildFile; fileRef = 296A49A22AC6262300FF8017 /* PlayerService.swift */; };
/* End PBXBuildFile section */

/* Begin PBXFileReference section */
		29227BCF2ABD9AC700383C31 /* PlayerView.swift */ = {isa = PBXFileReference; lastKnownFileType = sourcecode.swift; path = PlayerView.swift; sourceTree = "<group>"; };
		292CA2BB2AE7C0DB003A9AE0 /* TracksListView.swift */ = {isa = PBXFileReference; lastKnownFileType = sourcecode.swift; path = TracksListView.swift; sourceTree = "<group>"; };
		292CA2BD2AE7C861003A9AE0 /* EqualizerAnimationView.swift */ = {isa = PBXFileReference; lastKnownFileType = sourcecode.swift; path = EqualizerAnimationView.swift; sourceTree = "<group>"; };
		292CA2BF2AE8151F003A9AE0 /* TrackListCell.swift */ = {isa = PBXFileReference; lastKnownFileType = sourcecode.swift; path = TrackListCell.swift; sourceTree = "<group>"; };
		293703522AE2722B008D8729 /* TrackModel.swift */ = {isa = PBXFileReference; lastKnownFileType = sourcecode.swift; path = TrackModel.swift; sourceTree = "<group>"; };
		296363492ABD667000B64376 /* ModalPlayer.app */ = {isa = PBXFileReference; explicitFileType = wrapper.application; includeInIndex = 0; path = ModalPlayer.app; sourceTree = BUILT_PRODUCTS_DIR; };
		2963634C2ABD667000B64376 /* ModalPlayerApp.swift */ = {isa = PBXFileReference; lastKnownFileType = sourcecode.swift; path = ModalPlayerApp.swift; sourceTree = "<group>"; };
		2963634E2ABD667000B64376 /* ContentView.swift */ = {isa = PBXFileReference; lastKnownFileType = sourcecode.swift; path = ContentView.swift; sourceTree = "<group>"; };
		296363502ABD667100B64376 /* Assets.xcassets */ = {isa = PBXFileReference; lastKnownFileType = folder.assetcatalog; path = Assets.xcassets; sourceTree = "<group>"; };
		296363522ABD667100B64376 /* ModalPlayer.entitlements */ = {isa = PBXFileReference; lastKnownFileType = text.plist.entitlements; path = ModalPlayer.entitlements; sourceTree = "<group>"; };
		296363542ABD667100B64376 /* Preview Assets.xcassets */ = {isa = PBXFileReference; lastKnownFileType = folder.assetcatalog; path = "Preview Assets.xcassets"; sourceTree = "<group>"; };
		2963635C2ABD66E300B64376 /* PlayerButton.swift */ = {isa = PBXFileReference; lastKnownFileType = sourcecode.swift; path = PlayerButton.swift; sourceTree = "<group>"; };
		296A49A22AC6262300FF8017 /* PlayerService.swift */ = {isa = PBXFileReference; lastKnownFileType = sourcecode.swift; path = PlayerService.swift; sourceTree = "<group>"; };
		296A49A62AC6403400FF8017 /* Info.plist */ = {isa = PBXFileReference; lastKnownFileType = text.plist; path = Info.plist; sourceTree = "<group>"; };
/* End PBXFileReference section */

/* Begin PBXFrameworksBuildPhase section */
		296363462ABD667000B64376 /* Frameworks */ = {
			isa = PBXFrameworksBuildPhase;
			buildActionMask = 2147483647;
			files = (
			);
			runOnlyForDeploymentPostprocessing = 0;
		};
/* End PBXFrameworksBuildPhase section */

/* Begin PBXGroup section */
		29227BD12ABD9C4700383C31 /* Player */ = {
			isa = PBXGroup;
			children = (
				293703542AE27232008D8729 /* Model */,
				296A49A12AC625F300FF8017 /* ViewModel */,
				29227BD22ABD9D0700383C31 /* Views */,
			);
			path = Player;
			sourceTree = "<group>";
		};
		29227BD22ABD9D0700383C31 /* Views */ = {
			isa = PBXGroup;
			children = (
				2963635C2ABD66E300B64376 /* PlayerButton.swift */,
				29227BCF2ABD9AC700383C31 /* PlayerView.swift */,
				292CA2BB2AE7C0DB003A9AE0 /* TracksListView.swift */,
				292CA2BD2AE7C861003A9AE0 /* EqualizerAnimationView.swift */,
				292CA2BF2AE8151F003A9AE0 /* TrackListCell.swift */,
			);
			path = Views;
			sourceTree = "<group>";
		};
		293703542AE27232008D8729 /* Model */ = {
			isa = PBXGroup;
			children = (
				293703522AE2722B008D8729 /* TrackModel.swift */,
			);
			path = Model;
			sourceTree = "<group>";
		};
		296363402ABD667000B64376 = {
			isa = PBXGroup;
			children = (
				2963634B2ABD667000B64376 /* ModalPlayer */,
				2963634A2ABD667000B64376 /* Products */,
			);
			sourceTree = "<group>";
		};
		2963634A2ABD667000B64376 /* Products */ = {
			isa = PBXGroup;
			children = (
				296363492ABD667000B64376 /* ModalPlayer.app */,
			);
			name = Products;
			sourceTree = "<group>";
		};
		2963634B2ABD667000B64376 /* ModalPlayer */ = {
			isa = PBXGroup;
			children = (
				296A49A62AC6403400FF8017 /* Info.plist */,
				2963635B2ABD668D00B64376 /* Source */,
				2963634C2ABD667000B64376 /* ModalPlayerApp.swift */,
				296363502ABD667100B64376 /* Assets.xcassets */,
				296363522ABD667100B64376 /* ModalPlayer.entitlements */,
				296363532ABD667100B64376 /* Preview Content */,
			);
			path = ModalPlayer;
			sourceTree = "<group>";
		};
		296363532ABD667100B64376 /* Preview Content */ = {
			isa = PBXGroup;
			children = (
				296363542ABD667100B64376 /* Preview Assets.xcassets */,
			);
			path = "Preview Content";
			sourceTree = "<group>";
		};
		2963635B2ABD668D00B64376 /* Source */ = {
			isa = PBXGroup;
			children = (
				29227BD12ABD9C4700383C31 /* Player */,
				2963634E2ABD667000B64376 /* ContentView.swift */,
				296A49A22AC6262300FF8017 /* PlayerService.swift */,
			);
			path = Source;
			sourceTree = "<group>";
		};
		296A49A12AC625F300FF8017 /* ViewModel */ = {
			isa = PBXGroup;
			children = (
			);
			path = ViewModel;
			sourceTree = "<group>";
		};
/* End PBXGroup section */

/* Begin PBXNativeTarget section */
		296363482ABD667000B64376 /* ModalPlayer */ = {
			isa = PBXNativeTarget;
			buildConfigurationList = 296363582ABD667100B64376 /* Build configuration list for PBXNativeTarget "ModalPlayer" */;
			buildPhases = (
				296363452ABD667000B64376 /* Sources */,
				296363462ABD667000B64376 /* Frameworks */,
				296363472ABD667000B64376 /* Resources */,
			);
			buildRules = (
			);
			dependencies = (
			);
			name = ModalPlayer;
			productName = ModalPlayer;
			productReference = 296363492ABD667000B64376 /* ModalPlayer.app */;
			productType = "com.apple.product-type.application";
		};
/* End PBXNativeTarget section */

/* Begin PBXProject section */
		296363412ABD667000B64376 /* Project object */ = {
			isa = PBXProject;
			attributes = {
				BuildIndependentTargetsInParallel = 1;
				LastSwiftUpdateCheck = 1420;
				LastUpgradeCheck = 1420;
				TargetAttributes = {
					296363482ABD667000B64376 = {
						CreatedOnToolsVersion = 14.2;
					};
				};
			};
			buildConfigurationList = 296363442ABD667000B64376 /* Build configuration list for PBXProject "ModalPlayer" */;
			compatibilityVersion = "Xcode 14.0";
			developmentRegion = en;
			hasScannedForEncodings = 0;
			knownRegions = (
				en,
				Base,
			);
			mainGroup = 296363402ABD667000B64376;
			productRefGroup = 2963634A2ABD667000B64376 /* Products */;
			projectDirPath = "";
			projectRoot = "";
			targets = (
				296363482ABD667000B64376 /* ModalPlayer */,
			);
		};
/* End PBXProject section */

/* Begin PBXResourcesBuildPhase section */
		296363472ABD667000B64376 /* Resources */ = {
			isa = PBXResourcesBuildPhase;
			buildActionMask = 2147483647;
			files = (
				296363552ABD667100B64376 /* Preview Assets.xcassets in Resources */,
				296363512ABD667100B64376 /* Assets.xcassets in Resources */,
			);
			runOnlyForDeploymentPostprocessing = 0;
		};
/* End PBXResourcesBuildPhase section */

/* Begin PBXSourcesBuildPhase section */
		296363452ABD667000B64376 /* Sources */ = {
			isa = PBXSourcesBuildPhase;
			buildActionMask = 2147483647;
			files = (
				2963635D2ABD66E300B64376 /* PlayerButton.swift in Sources */,
				292CA2BC2AE7C0DB003A9AE0 /* TracksListView.swift in Sources */,
				293703532AE2722B008D8729 /* TrackModel.swift in Sources */,
				296A49A32AC6262300FF8017 /* PlayerService.swift in Sources */,
				292CA2BE2AE7C861003A9AE0 /* EqualizerAnimationView.swift in Sources */,
				2963634F2ABD667000B64376 /* ContentView.swift in Sources */,
				292CA2C02AE8151F003A9AE0 /* TrackListCell.swift in Sources */,
				29227BD02ABD9AC700383C31 /* PlayerView.swift in Sources */,
				2963634D2ABD667000B64376 /* ModalPlayerApp.swift in Sources */,
			);
			runOnlyForDeploymentPostprocessing = 0;
		};
/* End PBXSourcesBuildPhase section */

/* Begin XCBuildConfiguration section */
		296363562ABD667100B64376 /* Debug */ = {
			isa = XCBuildConfiguration;
			buildSettings = {
				ALWAYS_SEARCH_USER_PATHS = NO;
				CLANG_ANALYZER_NONNULL = YES;
				CLANG_ANALYZER_NUMBER_OBJECT_CONVERSION = YES_AGGRESSIVE;
				CLANG_CXX_LANGUAGE_STANDARD = "gnu++20";
				CLANG_ENABLE_MODULES = YES;
				CLANG_ENABLE_OBJC_ARC = YES;
				CLANG_ENABLE_OBJC_WEAK = YES;
				CLANG_WARN_BLOCK_CAPTURE_AUTORELEASING = YES;
				CLANG_WARN_BOOL_CONVERSION = YES;
				CLANG_WARN_COMMA = YES;
				CLANG_WARN_CONSTANT_CONVERSION = YES;
				CLANG_WARN_DEPRECATED_OBJC_IMPLEMENTATIONS = YES;
				CLANG_WARN_DIRECT_OBJC_ISA_USAGE = YES_ERROR;
				CLANG_WARN_DOCUMENTATION_COMMENTS = YES;
				CLANG_WARN_EMPTY_BODY = YES;
				CLANG_WARN_ENUM_CONVERSION = YES;
				CLANG_WARN_INFINITE_RECURSION = YES;
				CLANG_WARN_INT_CONVERSION = YES;
				CLANG_WARN_NON_LITERAL_NULL_CONVERSION = YES;
				CLANG_WARN_OBJC_IMPLICIT_RETAIN_SELF = YES;
				CLANG_WARN_OBJC_LITERAL_CONVERSION = YES;
				CLANG_WARN_OBJC_ROOT_CLASS = YES_ERROR;
				CLANG_WARN_QUOTED_INCLUDE_IN_FRAMEWORK_HEADER = YES;
				CLANG_WARN_RANGE_LOOP_ANALYSIS = YES;
				CLANG_WARN_STRICT_PROTOTYPES = YES;
				CLANG_WARN_SUSPICIOUS_MOVE = YES;
				CLANG_WARN_UNGUARDED_AVAILABILITY = YES_AGGRESSIVE;
				CLANG_WARN_UNREACHABLE_CODE = YES;
				CLANG_WARN__DUPLICATE_METHOD_MATCH = YES;
				COPY_PHASE_STRIP = NO;
				DEBUG_INFORMATION_FORMAT = dwarf;
				ENABLE_STRICT_OBJC_MSGSEND = YES;
				ENABLE_TESTABILITY = YES;
				GCC_C_LANGUAGE_STANDARD = gnu11;
				GCC_DYNAMIC_NO_PIC = NO;
				GCC_NO_COMMON_BLOCKS = YES;
				GCC_OPTIMIZATION_LEVEL = 0;
				GCC_PREPROCESSOR_DEFINITIONS = (
					"DEBUG=1",
					"$(inherited)",
				);
				GCC_WARN_64_TO_32_BIT_CONVERSION = YES;
				GCC_WARN_ABOUT_RETURN_TYPE = YES_ERROR;
				GCC_WARN_UNDECLARED_SELECTOR = YES;
				GCC_WARN_UNINITIALIZED_AUTOS = YES_AGGRESSIVE;
				GCC_WARN_UNUSED_FUNCTION = YES;
				GCC_WARN_UNUSED_VARIABLE = YES;
				MTL_ENABLE_DEBUG_INFO = INCLUDE_SOURCE;
				MTL_FAST_MATH = YES;
				ONLY_ACTIVE_ARCH = YES;
				SWIFT_ACTIVE_COMPILATION_CONDITIONS = DEBUG;
				SWIFT_OPTIMIZATION_LEVEL = "-Onone";
			};
			name = Debug;
		};
		296363572ABD667100B64376 /* Release */ = {
			isa = XCBuildConfiguration;
			buildSettings = {
				ALWAYS_SEARCH_USER_PATHS = NO;
				CLANG_ANALYZER_NONNULL = YES;
				CLANG_ANALYZER_NUMBER_OBJECT_CONVERSION = YES_AGGRESSIVE;
				CLANG_CXX_LANGUAGE_STANDARD = "gnu++20";
				CLANG_ENABLE_MODULES = YES;
				CLANG_ENABLE_OBJC_ARC = YES;
				CLANG_ENABLE_OBJC_WEAK = YES;
				CLANG_WARN_BLOCK_CAPTURE_AUTORELEASING = YES;
				CLANG_WARN_BOOL_CONVERSION = YES;
				CLANG_WARN_COMMA = YES;
				CLANG_WARN_CONSTANT_CONVERSION = YES;
				CLANG_WARN_DEPRECATED_OBJC_IMPLEMENTATIONS = YES;
				CLANG_WARN_DIRECT_OBJC_ISA_USAGE = YES_ERROR;
				CLANG_WARN_DOCUMENTATION_COMMENTS = YES;
				CLANG_WARN_EMPTY_BODY = YES;
				CLANG_WARN_ENUM_CONVERSION = YES;
				CLANG_WARN_INFINITE_RECURSION = YES;
				CLANG_WARN_INT_CONVERSION = YES;
				CLANG_WARN_NON_LITERAL_NULL_CONVERSION = YES;
				CLANG_WARN_OBJC_IMPLICIT_RETAIN_SELF = YES;
				CLANG_WARN_OBJC_LITERAL_CONVERSION = YES;
				CLANG_WARN_OBJC_ROOT_CLASS = YES_ERROR;
				CLANG_WARN_QUOTED_INCLUDE_IN_FRAMEWORK_HEADER = YES;
				CLANG_WARN_RANGE_LOOP_ANALYSIS = YES;
				CLANG_WARN_STRICT_PROTOTYPES = YES;
				CLANG_WARN_SUSPICIOUS_MOVE = YES;
				CLANG_WARN_UNGUARDED_AVAILABILITY = YES_AGGRESSIVE;
				CLANG_WARN_UNREACHABLE_CODE = YES;
				CLANG_WARN__DUPLICATE_METHOD_MATCH = YES;
				COPY_PHASE_STRIP = NO;
				DEBUG_INFORMATION_FORMAT = "dwarf-with-dsym";
				ENABLE_NS_ASSERTIONS = NO;
				ENABLE_STRICT_OBJC_MSGSEND = YES;
				GCC_C_LANGUAGE_STANDARD = gnu11;
				GCC_NO_COMMON_BLOCKS = YES;
				GCC_WARN_64_TO_32_BIT_CONVERSION = YES;
				GCC_WARN_ABOUT_RETURN_TYPE = YES_ERROR;
				GCC_WARN_UNDECLARED_SELECTOR = YES;
				GCC_WARN_UNINITIALIZED_AUTOS = YES_AGGRESSIVE;
				GCC_WARN_UNUSED_FUNCTION = YES;
				GCC_WARN_UNUSED_VARIABLE = YES;
				MTL_ENABLE_DEBUG_INFO = NO;
				MTL_FAST_MATH = YES;
				SWIFT_COMPILATION_MODE = wholemodule;
				SWIFT_OPTIMIZATION_LEVEL = "-O";
			};
			name = Release;
		};
		296363592ABD667100B64376 /* Debug */ = {
			isa = XCBuildConfiguration;
			buildSettings = {
				ASSETCATALOG_COMPILER_APPICON_NAME = AppIcon;
				ASSETCATALOG_COMPILER_GLOBAL_ACCENT_COLOR_NAME = AccentColor;
				CODE_SIGN_ENTITLEMENTS = ModalPlayer/ModalPlayer.entitlements;
				CODE_SIGN_IDENTITY = "Apple Development";
				CODE_SIGN_STYLE = Automatic;
				CURRENT_PROJECT_VERSION = 1;
				DEVELOPMENT_ASSET_PATHS = "\"ModalPlayer/Preview Content\"";
				DEVELOPMENT_TEAM = 4SB478VTY8;
				ENABLE_PREVIEWS = YES;
				GENERATE_INFOPLIST_FILE = YES;
				INFOPLIST_FILE = ModalPlayer/Info.plist;
				INFOPLIST_KEY_NSAppleMusicUsageDescription = YES;
				"INFOPLIST_KEY_UIApplicationSceneManifest_Generation[sdk=iphoneos*]" = YES;
				"INFOPLIST_KEY_UIApplicationSceneManifest_Generation[sdk=iphonesimulator*]" = YES;
				"INFOPLIST_KEY_UIApplicationSupportsIndirectInputEvents[sdk=iphoneos*]" = YES;
				"INFOPLIST_KEY_UIApplicationSupportsIndirectInputEvents[sdk=iphonesimulator*]" = YES;
				"INFOPLIST_KEY_UILaunchScreen_Generation[sdk=iphoneos*]" = YES;
				"INFOPLIST_KEY_UILaunchScreen_Generation[sdk=iphonesimulator*]" = YES;
				"INFOPLIST_KEY_UIStatusBarStyle[sdk=iphoneos*]" = UIStatusBarStyleDefault;
				"INFOPLIST_KEY_UIStatusBarStyle[sdk=iphonesimulator*]" = UIStatusBarStyleDefault;
				INFOPLIST_KEY_UISupportedInterfaceOrientations_iPad = "UIInterfaceOrientationPortrait UIInterfaceOrientationPortraitUpsideDown UIInterfaceOrientationLandscapeLeft UIInterfaceOrientationLandscapeRight";
				INFOPLIST_KEY_UISupportedInterfaceOrientations_iPhone = "UIInterfaceOrientationPortrait UIInterfaceOrientationLandscapeLeft UIInterfaceOrientationLandscapeRight";
				IPHONEOS_DEPLOYMENT_TARGET = 16.2;
				LD_RUNPATH_SEARCH_PATHS = "@executable_path/Frameworks";
				"LD_RUNPATH_SEARCH_PATHS[sdk=macosx*]" = "@executable_path/../Frameworks";
				MACOSX_DEPLOYMENT_TARGET = 13.1;
				MARKETING_VERSION = 1.0;
				PRODUCT_BUNDLE_IDENTIFIER = com.nas.ModalPlayer;
				PRODUCT_NAME = "$(TARGET_NAME)";
				PROVISIONING_PROFILE_SPECIFIER = "";
				SDKROOT = auto;
				SUPPORTED_PLATFORMS = "iphoneos iphonesimulator macosx";
				SWIFT_EMIT_LOC_STRINGS = YES;
				SWIFT_VERSION = 5.0;
				TARGETED_DEVICE_FAMILY = "1,2";
			};
			name = Debug;
		};
		2963635A2ABD667100B64376 /* Release */ = {
			isa = XCBuildConfiguration;
			buildSettings = {
				ASSETCATALOG_COMPILER_APPICON_NAME = AppIcon;
				ASSETCATALOG_COMPILER_GLOBAL_ACCENT_COLOR_NAME = AccentColor;
				CODE_SIGN_ENTITLEMENTS = ModalPlayer/ModalPlayer.entitlements;
				CODE_SIGN_IDENTITY = "Apple Development";
				CODE_SIGN_STYLE = Automatic;
				CURRENT_PROJECT_VERSION = 1;
				DEVELOPMENT_ASSET_PATHS = "\"ModalPlayer/Preview Content\"";
				DEVELOPMENT_TEAM = 4SB478VTY8;
				ENABLE_PREVIEWS = YES;
				GENERATE_INFOPLIST_FILE = YES;
				INFOPLIST_FILE = ModalPlayer/Info.plist;
				INFOPLIST_KEY_NSAppleMusicUsageDescription = YES;
				"INFOPLIST_KEY_UIApplicationSceneManifest_Generation[sdk=iphoneos*]" = YES;
				"INFOPLIST_KEY_UIApplicationSceneManifest_Generation[sdk=iphonesimulator*]" = YES;
				"INFOPLIST_KEY_UIApplicationSupportsIndirectInputEvents[sdk=iphoneos*]" = YES;
				"INFOPLIST_KEY_UIApplicationSupportsIndirectInputEvents[sdk=iphonesimulator*]" = YES;
				"INFOPLIST_KEY_UILaunchScreen_Generation[sdk=iphoneos*]" = YES;
				"INFOPLIST_KEY_UILaunchScreen_Generation[sdk=iphonesimulator*]" = YES;
				"INFOPLIST_KEY_UIStatusBarStyle[sdk=iphoneos*]" = UIStatusBarStyleDefault;
				"INFOPLIST_KEY_UIStatusBarStyle[sdk=iphonesimulator*]" = UIStatusBarStyleDefault;
				INFOPLIST_KEY_UISupportedInterfaceOrientations_iPad = "UIInterfaceOrientationPortrait UIInterfaceOrientationPortraitUpsideDown UIInterfaceOrientationLandscapeLeft UIInterfaceOrientationLandscapeRight";
				INFOPLIST_KEY_UISupportedInterfaceOrientations_iPhone = "UIInterfaceOrientationPortrait UIInterfaceOrientationLandscapeLeft UIInterfaceOrientationLandscapeRight";
				IPHONEOS_DEPLOYMENT_TARGET = 16.2;
				LD_RUNPATH_SEARCH_PATHS = "@executable_path/Frameworks";
				"LD_RUNPATH_SEARCH_PATHS[sdk=macosx*]" = "@executable_path/../Frameworks";
				MACOSX_DEPLOYMENT_TARGET = 13.1;
				MARKETING_VERSION = 1.0;
				PRODUCT_BUNDLE_IDENTIFIER = com.nas.ModalPlayer;
				PRODUCT_NAME = "$(TARGET_NAME)";
				PROVISIONING_PROFILE_SPECIFIER = "";
				SDKROOT = auto;
				SUPPORTED_PLATFORMS = "iphoneos iphonesimulator macosx";
				SWIFT_EMIT_LOC_STRINGS = YES;
				SWIFT_VERSION = 5.0;
				TARGETED_DEVICE_FAMILY = "1,2";
			};
			name = Release;
		};
/* End XCBuildConfiguration section */

/* Begin XCConfigurationList section */
		296363442ABD667000B64376 /* Build configuration list for PBXProject "ModalPlayer" */ = {
			isa = XCConfigurationList;
			buildConfigurations = (
				296363562ABD667100B64376 /* Debug */,
				296363572ABD667100B64376 /* Release */,
			);
			defaultConfigurationIsVisible = 0;
			defaultConfigurationName = Release;
		};
		296363582ABD667100B64376 /* Build configuration list for PBXNativeTarget "ModalPlayer" */ = {
			isa = XCConfigurationList;
			buildConfigurations = (
				296363592ABD667100B64376 /* Debug */,
				2963635A2ABD667100B64376 /* Release */,
			);
			defaultConfigurationIsVisible = 0;
			defaultConfigurationName = Release;
		};
/* End XCConfigurationList section */
	};
	rootObject = 296363412ABD667000B64376 /* Project object */;
}
